
Microsoft Visual Studio Solution File, Format Version 12.00
# Visual Studio Version 17
VisualStudioVersion = 17.6.33829.357
MinimumVisualStudioVersion = 10.0.40219.1
Project("{FAE04EC0-301F-11D3-BF4B-00C04F79EFBC}") = "InterviewProject", "InterviewProject\InterviewProject.csproj", "{641D818F-7E83-4B6F-83FD-B6CF26D7C7CA}"
EndProject
Global
	GlobalSection(SolutionConfigurationPlatforms) = preSolution
		Debug|Any CPU = Debug|Any CPU
		Release|Any CPU = Release|Any CPU
	EndGlobalSection
	GlobalSection(ProjectConfigurationPlatforms) = postSolution
		{641D818F-7E83-4B6F-83FD-B6CF26D7C7CA}.Debug|Any CPU.ActiveCfg = Debug|Any CPU
		{641D818F-7E83-4B6F-83FD-B6CF26D7C7CA}.Debug|Any CPU.Build.0 = Debug|Any CPU
		{641D818F-7E83-4B6F-83FD-B6CF26D7C7CA}.Release|Any CPU.ActiveCfg = Release|Any CPU
		{641D818F-7E83-4B6F-83FD-B6CF26D7C7CA}.Release|Any CPU.Build.0 = Release|Any CPU
	EndGlobalSection
	GlobalSection(SolutionProperties) = preSolution
		HideSolutionNode = FALSE
	EndGlobalSection
	GlobalSection(ExtensibilityGlobals) = postSolution
		SolutionGuid = {15DD2D50-B954-4CF9-B419-33DB971D1D4D}
	EndGlobalSection
EndGlobal
